
Microsoft Visual Studio Solution File, Format Version 11.00
# Visual Studio 2010
Project("{FAE04EC0-301F-11D3-BF4B-00C04F79EFBC}") = "iGL.Console", "iGL.Console\iGL.Console.csproj", "{D818A078-3660-44E0-B166-E7D6B0F7A917}"
EndProject
Project("{FAE04EC0-301F-11D3-BF4B-00C04F79EFBC}") = "iGL.Engine", "iGL.Engine\iGL.Engine.csproj", "{07392791-9B48-42BA-A316-24193A8B7F79}"
EndProject
Project("{FAE04EC0-301F-11D3-BF4B-00C04F79EFBC}") = "iGL.TestGame", "iGL.TestGame\iGL.TestGame.csproj", "{F4324499-1FD3-4DE4-B4F6-C16951162199}"
EndProject
Project("{2150E333-8FDC-42A3-9474-1A3956D46DE8}") = "Working Folder", "Working Folder", "{4B389517-0281-48C4-BC6D-C9C07643ECFE}"
EndProject
Project("{2150E333-8FDC-42A3-9474-1A3956D46DE8}") = "References", "References", "{D1C4000D-B90D-449B-B975-07B199A09FA1}"
	ProjectSection(SolutionItems) = preProject
		References\OpenTK.dll = References\OpenTK.dll
	EndProjectSection
EndProject
Project("{FAE04EC0-301F-11D3-BF4B-00C04F79EFBC}") = "BulletNoXna", "iGL.Bullet-NOXNA\BulletNoXna.csproj", "{9A5FC26B-5C96-4300-8E09-4070F071C957}"
EndProject
Project("{FAE04EC0-301F-11D3-BF4B-00C04F79EFBC}") = "iGL.WinGL", "iGL.WinGL\iGL.WinGL.csproj", "{BC65B5B5-0897-4D4C-8B93-FEC3FE1ADE00}"
EndProject
Global
	GlobalSection(SolutionConfigurationPlatforms) = preSolution
		Debug|Any CPU = Debug|Any CPU
		Debug|Mixed Platforms = Debug|Mixed Platforms
		Debug|x86 = Debug|x86
		Documentation|Any CPU = Documentation|Any CPU
		Documentation|Mixed Platforms = Documentation|Mixed Platforms
		Documentation|x86 = Documentation|x86
		Nsis|Any CPU = Nsis|Any CPU
		Nsis|Mixed Platforms = Nsis|Mixed Platforms
		Nsis|x86 = Nsis|x86
		Release|Any CPU = Release|Any CPU
		Release|Mixed Platforms = Release|Mixed Platforms
		Release|x86 = Release|x86
	EndGlobalSection
	GlobalSection(ProjectConfigurationPlatforms) = postSolution
		{D818A078-3660-44E0-B166-E7D6B0F7A917}.Debug|Any CPU.ActiveCfg = Debug|x86
		{D818A078-3660-44E0-B166-E7D6B0F7A917}.Debug|Mixed Platforms.ActiveCfg = Debug|x86
		{D818A078-3660-44E0-B166-E7D6B0F7A917}.Debug|Mixed Platforms.Build.0 = Debug|x86
		{D818A078-3660-44E0-B166-E7D6B0F7A917}.Debug|x86.ActiveCfg = Debug|x86
		{D818A078-3660-44E0-B166-E7D6B0F7A917}.Debug|x86.Build.0 = Debug|x86
		{D818A078-3660-44E0-B166-E7D6B0F7A917}.Documentation|Any CPU.ActiveCfg = Debug|x86
		{D818A078-3660-44E0-B166-E7D6B0F7A917}.Documentation|Mixed Platforms.ActiveCfg = Debug|x86
		{D818A078-3660-44E0-B166-E7D6B0F7A917}.Documentation|Mixed Platforms.Build.0 = Debug|x86
		{D818A078-3660-44E0-B166-E7D6B0F7A917}.Documentation|x86.ActiveCfg = Debug|x86
		{D818A078-3660-44E0-B166-E7D6B0F7A917}.Documentation|x86.Build.0 = Debug|x86
		{D818A078-3660-44E0-B166-E7D6B0F7A917}.Nsis|Any CPU.ActiveCfg = Release|x86
		{D818A078-3660-44E0-B166-E7D6B0F7A917}.Nsis|Mixed Platforms.ActiveCfg = Release|x86
		{D818A078-3660-44E0-B166-E7D6B0F7A917}.Nsis|Mixed Platforms.Build.0 = Release|x86
		{D818A078-3660-44E0-B166-E7D6B0F7A917}.Nsis|x86.ActiveCfg = Release|x86
		{D818A078-3660-44E0-B166-E7D6B0F7A917}.Nsis|x86.Build.0 = Release|x86
		{D818A078-3660-44E0-B166-E7D6B0F7A917}.Release|Any CPU.ActiveCfg = Release|x86
		{D818A078-3660-44E0-B166-E7D6B0F7A917}.Release|Mixed Platforms.ActiveCfg = Release|x86
		{D818A078-3660-44E0-B166-E7D6B0F7A917}.Release|Mixed Platforms.Build.0 = Release|x86
		{D818A078-3660-44E0-B166-E7D6B0F7A917}.Release|x86.ActiveCfg = Release|x86
		{D818A078-3660-44E0-B166-E7D6B0F7A917}.Release|x86.Build.0 = Release|x86
		{07392791-9B48-42BA-A316-24193A8B7F79}.Debug|Any CPU.ActiveCfg = Debug|Any CPU
		{07392791-9B48-42BA-A316-24193A8B7F79}.Debug|Any CPU.Build.0 = Debug|Any CPU
		{07392791-9B48-42BA-A316-24193A8B7F79}.Debug|Mixed Platforms.ActiveCfg = Debug|Any CPU
		{07392791-9B48-42BA-A316-24193A8B7F79}.Debug|Mixed Platforms.Build.0 = Debug|Any CPU
		{07392791-9B48-42BA-A316-24193A8B7F79}.Debug|x86.ActiveCfg = Debug|Any CPU
		{07392791-9B48-42BA-A316-24193A8B7F79}.Documentation|Any CPU.ActiveCfg = Debug|Any CPU
		{07392791-9B48-42BA-A316-24193A8B7F79}.Documentation|Any CPU.Build.0 = Debug|Any CPU
		{07392791-9B48-42BA-A316-24193A8B7F79}.Documentation|Mixed Platforms.ActiveCfg = Debug|Any CPU
		{07392791-9B48-42BA-A316-24193A8B7F79}.Documentation|Mixed Platforms.Build.0 = Debug|Any CPU
		{07392791-9B48-42BA-A316-24193A8B7F79}.Documentation|x86.ActiveCfg = Debug|Any CPU
		{07392791-9B48-42BA-A316-24193A8B7F79}.Nsis|Any CPU.ActiveCfg = Release|Any CPU
		{07392791-9B48-42BA-A316-24193A8B7F79}.Nsis|Any CPU.Build.0 = Release|Any CPU
		{07392791-9B48-42BA-A316-24193A8B7F79}.Nsis|Mixed Platforms.ActiveCfg = Release|Any CPU
		{07392791-9B48-42BA-A316-24193A8B7F79}.Nsis|Mixed Platforms.Build.0 = Release|Any CPU
		{07392791-9B48-42BA-A316-24193A8B7F79}.Nsis|x86.ActiveCfg = Release|Any CPU
		{07392791-9B48-42BA-A316-24193A8B7F79}.Release|Any CPU.ActiveCfg = Release|Any CPU
		{07392791-9B48-42BA-A316-24193A8B7F79}.Release|Any CPU.Build.0 = Release|Any CPU
		{07392791-9B48-42BA-A316-24193A8B7F79}.Release|Mixed Platforms.ActiveCfg = Release|Any CPU
		{07392791-9B48-42BA-A316-24193A8B7F79}.Release|Mixed Platforms.Build.0 = Release|Any CPU
		{07392791-9B48-42BA-A316-24193A8B7F79}.Release|x86.ActiveCfg = Release|Any CPU
		{F4324499-1FD3-4DE4-B4F6-C16951162199}.Debug|Any CPU.ActiveCfg = Debug|Any CPU
		{F4324499-1FD3-4DE4-B4F6-C16951162199}.Debug|Any CPU.Build.0 = Debug|Any CPU
		{F4324499-1FD3-4DE4-B4F6-C16951162199}.Debug|Mixed Platforms.ActiveCfg = Debug|Any CPU
		{F4324499-1FD3-4DE4-B4F6-C16951162199}.Debug|Mixed Platforms.Build.0 = Debug|Any CPU
		{F4324499-1FD3-4DE4-B4F6-C16951162199}.Debug|x86.ActiveCfg = Debug|Any CPU
		{F4324499-1FD3-4DE4-B4F6-C16951162199}.Documentation|Any CPU.ActiveCfg = Debug|Any CPU
		{F4324499-1FD3-4DE4-B4F6-C16951162199}.Documentation|Any CPU.Build.0 = Debug|Any CPU
		{F4324499-1FD3-4DE4-B4F6-C16951162199}.Documentation|Mixed Platforms.ActiveCfg = Debug|Any CPU
		{F4324499-1FD3-4DE4-B4F6-C16951162199}.Documentation|Mixed Platforms.Build.0 = Debug|Any CPU
		{F4324499-1FD3-4DE4-B4F6-C16951162199}.Documentation|x86.ActiveCfg = Debug|Any CPU
		{F4324499-1FD3-4DE4-B4F6-C16951162199}.Nsis|Any CPU.ActiveCfg = Release|Any CPU
		{F4324499-1FD3-4DE4-B4F6-C16951162199}.Nsis|Any CPU.Build.0 = Release|Any CPU
		{F4324499-1FD3-4DE4-B4F6-C16951162199}.Nsis|Mixed Platforms.ActiveCfg = Release|Any CPU
		{F4324499-1FD3-4DE4-B4F6-C16951162199}.Nsis|Mixed Platforms.Build.0 = Release|Any CPU
		{F4324499-1FD3-4DE4-B4F6-C16951162199}.Nsis|x86.ActiveCfg = Release|Any CPU
		{F4324499-1FD3-4DE4-B4F6-C16951162199}.Release|Any CPU.ActiveCfg = Release|Any CPU
		{F4324499-1FD3-4DE4-B4F6-C16951162199}.Release|Any CPU.Build.0 = Release|Any CPU
		{F4324499-1FD3-4DE4-B4F6-C16951162199}.Release|Mixed Platforms.ActiveCfg = Release|Any CPU
		{F4324499-1FD3-4DE4-B4F6-C16951162199}.Release|Mixed Platforms.Build.0 = Release|Any CPU
		{F4324499-1FD3-4DE4-B4F6-C16951162199}.Release|x86.ActiveCfg = Release|Any CPU
		{9A5FC26B-5C96-4300-8E09-4070F071C957}.Debug|Any CPU.ActiveCfg = Debug|Any CPU
		{9A5FC26B-5C96-4300-8E09-4070F071C957}.Debug|Any CPU.Build.0 = Debug|Any CPU
		{9A5FC26B-5C96-4300-8E09-4070F071C957}.Debug|Mixed Platforms.ActiveCfg = Debug|Any CPU
		{9A5FC26B-5C96-4300-8E09-4070F071C957}.Debug|Mixed Platforms.Build.0 = Debug|Any CPU
		{9A5FC26B-5C96-4300-8E09-4070F071C957}.Debug|x86.ActiveCfg = Debug|Any CPU
		{9A5FC26B-5C96-4300-8E09-4070F071C957}.Documentation|Any CPU.ActiveCfg = Debug|Any CPU
		{9A5FC26B-5C96-4300-8E09-4070F071C957}.Documentation|Any CPU.Build.0 = Debug|Any CPU
		{9A5FC26B-5C96-4300-8E09-4070F071C957}.Documentation|Mixed Platforms.ActiveCfg = Debug|Any CPU
		{9A5FC26B-5C96-4300-8E09-4070F071C957}.Documentation|Mixed Platforms.Build.0 = Debug|Any CPU
		{9A5FC26B-5C96-4300-8E09-4070F071C957}.Documentation|x86.ActiveCfg = Debug|Any CPU
		{9A5FC26B-5C96-4300-8E09-4070F071C957}.Nsis|Any CPU.ActiveCfg = Release|Any CPU
		{9A5FC26B-5C96-4300-8E09-4070F071C957}.Nsis|Any CPU.Build.0 = Release|Any CPU
		{9A5FC26B-5C96-4300-8E09-4070F071C957}.Nsis|Mixed Platforms.ActiveCfg = Release|Any CPU
		{9A5FC26B-5C96-4300-8E09-4070F071C957}.Nsis|Mixed Platforms.Build.0 = Release|Any CPU
		{9A5FC26B-5C96-4300-8E09-4070F071C957}.Nsis|x86.ActiveCfg = Release|Any CPU
		{9A5FC26B-5C96-4300-8E09-4070F071C957}.Release|Any CPU.ActiveCfg = Release|Any CPU
		{9A5FC26B-5C96-4300-8E09-4070F071C957}.Release|Any CPU.Build.0 = Release|Any CPU
		{9A5FC26B-5C96-4300-8E09-4070F071C957}.Release|Mixed Platforms.ActiveCfg = Release|Any CPU
		{9A5FC26B-5C96-4300-8E09-4070F071C957}.Release|Mixed Platforms.Build.0 = Release|Any CPU
		{9A5FC26B-5C96-4300-8E09-4070F071C957}.Release|x86.ActiveCfg = Release|Any CPU
		{BC65B5B5-0897-4D4C-8B93-FEC3FE1ADE00}.Debug|Any CPU.ActiveCfg = Debug|Any CPU
		{BC65B5B5-0897-4D4C-8B93-FEC3FE1ADE00}.Debug|Any CPU.Build.0 = Debug|Any CPU
		{BC65B5B5-0897-4D4C-8B93-FEC3FE1ADE00}.Debug|Mixed Platforms.ActiveCfg = Debug|Any CPU
		{BC65B5B5-0897-4D4C-8B93-FEC3FE1ADE00}.Debug|Mixed Platforms.Build.0 = Debug|Any CPU
		{BC65B5B5-0897-4D4C-8B93-FEC3FE1ADE00}.Debug|x86.ActiveCfg = Debug|Any CPU
		{BC65B5B5-0897-4D4C-8B93-FEC3FE1ADE00}.Documentation|Any CPU.ActiveCfg = Debug|Any CPU
		{BC65B5B5-0897-4D4C-8B93-FEC3FE1ADE00}.Documentation|Any CPU.Build.0 = Debug|Any CPU
		{BC65B5B5-0897-4D4C-8B93-FEC3FE1ADE00}.Documentation|Mixed Platforms.ActiveCfg = Debug|Any CPU
		{BC65B5B5-0897-4D4C-8B93-FEC3FE1ADE00}.Documentation|Mixed Platforms.Build.0 = Debug|Any CPU
		{BC65B5B5-0897-4D4C-8B93-FEC3FE1ADE00}.Documentation|x86.ActiveCfg = Debug|Any CPU
		{BC65B5B5-0897-4D4C-8B93-FEC3FE1ADE00}.Nsis|Any CPU.ActiveCfg = Release|Any CPU
		{BC65B5B5-0897-4D4C-8B93-FEC3FE1ADE00}.Nsis|Any CPU.Build.0 = Release|Any CPU
		{BC65B5B5-0897-4D4C-8B93-FEC3FE1ADE00}.Nsis|Mixed Platforms.ActiveCfg = Release|Any CPU
		{BC65B5B5-0897-4D4C-8B93-FEC3FE1ADE00}.Nsis|Mixed Platforms.Build.0 = Release|Any CPU
		{BC65B5B5-0897-4D4C-8B93-FEC3FE1ADE00}.Nsis|x86.ActiveCfg = Release|Any CPU
		{BC65B5B5-0897-4D4C-8B93-FEC3FE1ADE00}.Release|Any CPU.ActiveCfg = Release|Any CPU
		{BC65B5B5-0897-4D4C-8B93-FEC3FE1ADE00}.Release|Any CPU.Build.0 = Release|Any CPU
		{BC65B5B5-0897-4D4C-8B93-FEC3FE1ADE00}.Release|Mixed Platforms.ActiveCfg = Release|Any CPU
		{BC65B5B5-0897-4D4C-8B93-FEC3FE1ADE00}.Release|Mixed Platforms.Build.0 = Release|Any CPU
		{BC65B5B5-0897-4D4C-8B93-FEC3FE1ADE00}.Release|x86.ActiveCfg = Release|Any CPU
	EndGlobalSection
	GlobalSection(SolutionProperties) = preSolution
		HideSolutionNode = FALSE
	EndGlobalSection
EndGlobal
