
Microsoft Visual Studio Solution File, Format Version 11.00
# Visual Studio 2010
Project("{FAE04EC0-301F-11D3-BF4B-00C04F79EFBC}") = "iGL.Console", "iGL.Console\iGL.Console.csproj", "{D818A078-3660-44E0-B166-E7D6B0F7A917}"
EndProject
Project("{FAE04EC0-301F-11D3-BF4B-00C04F79EFBC}") = "iGL.Engine", "iGL.Engine\iGL.Engine.csproj", "{07392791-9B48-42BA-A316-24193A8B7F79}"
EndProject
Project("{FAE04EC0-301F-11D3-BF4B-00C04F79EFBC}") = "iGL.TestGame", "iGL.TestGame\iGL.TestGame.csproj", "{F4324499-1FD3-4DE4-B4F6-C16951162199}"
EndProject
Project("{2150E333-8FDC-42A3-9474-1A3956D46DE8}") = "Working Folder", "Working Folder", "{4B389517-0281-48C4-BC6D-C9C07643ECFE}"
EndProject
Project("{2150E333-8FDC-42A3-9474-1A3956D46DE8}") = "References", "References", "{D1C4000D-B90D-449B-B975-07B199A09FA1}"
	ProjectSection(SolutionItems) = preProject
		References\BulletNoXna.dll = References\BulletNoXna.dll
		References\OpenTK.dll = References\OpenTK.dll
		References\OpenTK.xml = References\OpenTK.xml
	EndProjectSection
EndProject
Global
	GlobalSection(SolutionConfigurationPlatforms) = preSolution
		Debug|Any CPU = Debug|Any CPU
		Debug|Mixed Platforms = Debug|Mixed Platforms
		Debug|x86 = Debug|x86
		Release|Any CPU = Release|Any CPU
		Release|Mixed Platforms = Release|Mixed Platforms
		Release|x86 = Release|x86
	EndGlobalSection
	GlobalSection(ProjectConfigurationPlatforms) = postSolution
		{D818A078-3660-44E0-B166-E7D6B0F7A917}.Debug|Any CPU.ActiveCfg = Debug|x86
		{D818A078-3660-44E0-B166-E7D6B0F7A917}.Debug|Mixed Platforms.ActiveCfg = Debug|x86
		{D818A078-3660-44E0-B166-E7D6B0F7A917}.Debug|Mixed Platforms.Build.0 = Debug|x86
		{D818A078-3660-44E0-B166-E7D6B0F7A917}.Debug|x86.ActiveCfg = Debug|x86
		{D818A078-3660-44E0-B166-E7D6B0F7A917}.Debug|x86.Build.0 = Debug|x86
		{D818A078-3660-44E0-B166-E7D6B0F7A917}.Release|Any CPU.ActiveCfg = Release|x86
		{D818A078-3660-44E0-B166-E7D6B0F7A917}.Release|Mixed Platforms.ActiveCfg = Release|x86
		{D818A078-3660-44E0-B166-E7D6B0F7A917}.Release|Mixed Platforms.Build.0 = Release|x86
		{D818A078-3660-44E0-B166-E7D6B0F7A917}.Release|x86.ActiveCfg = Release|x86
		{D818A078-3660-44E0-B166-E7D6B0F7A917}.Release|x86.Build.0 = Release|x86
		{07392791-9B48-42BA-A316-24193A8B7F79}.Debug|Any CPU.ActiveCfg = Debug|Any CPU
		{07392791-9B48-42BA-A316-24193A8B7F79}.Debug|Any CPU.Build.0 = Debug|Any CPU
		{07392791-9B48-42BA-A316-24193A8B7F79}.Debug|Mixed Platforms.ActiveCfg = Debug|Any CPU
		{07392791-9B48-42BA-A316-24193A8B7F79}.Debug|Mixed Platforms.Build.0 = Debug|Any CPU
		{07392791-9B48-42BA-A316-24193A8B7F79}.Debug|x86.ActiveCfg = Debug|Any CPU
		{07392791-9B48-42BA-A316-24193A8B7F79}.Release|Any CPU.ActiveCfg = Release|Any CPU
		{07392791-9B48-42BA-A316-24193A8B7F79}.Release|Any CPU.Build.0 = Release|Any CPU
		{07392791-9B48-42BA-A316-24193A8B7F79}.Release|Mixed Platforms.ActiveCfg = Release|Any CPU
		{07392791-9B48-42BA-A316-24193A8B7F79}.Release|Mixed Platforms.Build.0 = Release|Any CPU
		{07392791-9B48-42BA-A316-24193A8B7F79}.Release|x86.ActiveCfg = Release|Any CPU
		{F4324499-1FD3-4DE4-B4F6-C16951162199}.Debug|Any CPU.ActiveCfg = Debug|Any CPU
		{F4324499-1FD3-4DE4-B4F6-C16951162199}.Debug|Any CPU.Build.0 = Debug|Any CPU
		{F4324499-1FD3-4DE4-B4F6-C16951162199}.Debug|Mixed Platforms.ActiveCfg = Debug|Any CPU
		{F4324499-1FD3-4DE4-B4F6-C16951162199}.Debug|Mixed Platforms.Build.0 = Debug|Any CPU
		{F4324499-1FD3-4DE4-B4F6-C16951162199}.Debug|x86.ActiveCfg = Debug|Any CPU
		{F4324499-1FD3-4DE4-B4F6-C16951162199}.Release|Any CPU.ActiveCfg = Release|Any CPU
		{F4324499-1FD3-4DE4-B4F6-C16951162199}.Release|Any CPU.Build.0 = Release|Any CPU
		{F4324499-1FD3-4DE4-B4F6-C16951162199}.Release|Mixed Platforms.ActiveCfg = Release|Any CPU
		{F4324499-1FD3-4DE4-B4F6-C16951162199}.Release|Mixed Platforms.Build.0 = Release|Any CPU
		{F4324499-1FD3-4DE4-B4F6-C16951162199}.Release|x86.ActiveCfg = Release|Any CPU
	EndGlobalSection
	GlobalSection(SolutionProperties) = preSolution
		HideSolutionNode = FALSE
	EndGlobalSection
EndGlobal
